
Microsoft Visual Studio Solution File, Format Version 12.00
# Visual Studio 15
VisualStudioVersion = 15.0.28307.136
MinimumVisualStudioVersion = 10.0.40219.1
Project("{FAE04EC0-301F-11D3-BF4B-00C04F79EFBC}") = "tommvc2", "tommvc2\tommvc2.csproj", "{A86B83FF-3CEF-4F39-98E9-F2050FBE4964}"
EndProject
Global
	GlobalSection(SolutionConfigurationPlatforms) = preSolution
		Debug|Any CPU = Debug|Any CPU
		Release|Any CPU = Release|Any CPU
	EndGlobalSection
	GlobalSection(ProjectConfigurationPlatforms) = postSolution
		{A86B83FF-3CEF-4F39-98E9-F2050FBE4964}.Debug|Any CPU.ActiveCfg = Debug|Any CPU
		{A86B83FF-3CEF-4F39-98E9-F2050FBE4964}.Debug|Any CPU.Build.0 = Debug|Any CPU
		{A86B83FF-3CEF-4F39-98E9-F2050FBE4964}.Release|Any CPU.ActiveCfg = Release|Any CPU
		{A86B83FF-3CEF-4F39-98E9-F2050FBE4964}.Release|Any CPU.Build.0 = Release|Any CPU
	EndGlobalSection
	GlobalSection(SolutionProperties) = preSolution
		HideSolutionNode = FALSE
	EndGlobalSection
	GlobalSection(ExtensibilityGlobals) = postSolution
		SolutionGuid = {22360188-AFF6-4005-B06B-D274DFC28E13}
	EndGlobalSection
EndGlobal
